<?xml version="1.0" encoding="utf-8"?>
<Project ToolsVersion="4.0" xmlns="http://schemas.microsoft.com/developer/msbuild/2003">
  <ItemGroup>
    <Filter Include="Source Files">
      <UniqueIdentifier>{4FC737F1-C7A5-4376-A066-2A32D752A2FF}</UniqueIdentifier>
      <Extensions>cpp;c;cc;cxx;def;odl;idl;hpj;bat;asm;asmx</Extensions>
    </Filter>
    <Filter Include="Header Files">
      <UniqueIdentifier>{93995380-89BD-4b04-88EB-625FBE52EBFB}</UniqueIdentifier>
      <Extensions>h;hh;hpp;hxx;hm;inl;inc;ipp;xsd</Extensions>
    </Filter>
    <Filter Include="Resource Files">
      <UniqueIdentifier>{67DA6AB6-F800-4c08-8B7A-83BB121AAD01}</UniqueIdentifier>
      <Extensions>rc;ico;cur;bmp;dlg;rc2;rct;bin;rgs;gif;jpg;jpeg;jpe;resx;tiff;tif;png;wav;mfcribbon-ms</Extensions>
    </Filter>
  </ItemGroup>
  <ItemGroup>
    <ClCompile Include="Source\Systems\TestSystem.cpp">
      <Filter>Source Files</Filter>
    </ClCompile>
    <ClCompile Include="Source\Source.cpp">
      <Filter>Source Files</Filter>
    </ClCompile>
    <ClCompile Include="Source\Module\TestModule.cpp">
      <Filter>Source Files</Filter>
    </ClCompile>
    <ClCompile Include="Source\Systems\TestMonoUpdateSystem.cpp">
      <Filter>Source Files</Filter>
    </ClCompile>
    <ClCompile Include="Source\Systems\CameraMovementSystem.cpp">
      <Filter>Source Files</Filter>
    </ClCompile>
    <ClCompile Include="Source\Systems\Movement1System.cpp">
      <Filter>Source Files</Filter>
    </ClCompile>
    <ClCompile Include="Source\Systems\Movement2System.cpp">
      <Filter>Source Files</Filter>
    </ClCompile>
    <ClCompile Include="Source\Components\Movement2Component.cpp">
      <Filter>Source Files</Filter>
    </ClCompile>
    <ClCompile Include="Source\Systems\DoorSystem.cpp">
      <Filter>Source Files</Filter>
    </ClCompile>
    <ClCompile Include="Source\Module\GamePlayModule.cpp">
      <Filter>Source Files</Filter>
    </ClCompile>
    <ClCompile Include="Source\Systems\EndPointSystem.cpp">
      <Filter>Source Files</Filter>
    </ClCompile>
    <ClCompile Include="Source\Systems\PickupSystem.cpp">
      <Filter>Source Files</Filter>
    </ClCompile>
    <ClCompile Include="Source\Systems\PushSystem.cpp">
      <Filter>Source Files</Filter>
    </ClCompile>
  </ItemGroup>
  <ItemGroup>
    <ClInclude Include="Header\Systems\TestSystem.h">
      <Filter>Header Files</Filter>
    </ClInclude>
    <ClInclude Include="Header\Components\TestComponent.h">
      <Filter>Header Files</Filter>
    </ClInclude>
    <ClInclude Include="Header\Components\TestGlobalComponent.h">
      <Filter>Header Files</Filter>
    </ClInclude>
    <ClInclude Include="Header\Module\TestModule.h">
      <Filter>Header Files</Filter>
    </ClInclude>
    <ClInclude Include="Header\Systems\TestMonoUpdateSystem.h">
      <Filter>Header Files</Filter>
    </ClInclude>
    <ClInclude Include="Header\Systems\CameraMovementSystem.h">
      <Filter>Header Files</Filter>
    </ClInclude>
    <ClInclude Include="Header\Components\DoorTriggerComponent.h">
      <Filter>Header Files</Filter>
    </ClInclude>
    <ClInclude Include="Header\Components\PressureTriggerComponent.h">
      <Filter>Header Files</Filter>
    </ClInclude>
    <ClInclude Include="Header\Components\ButtonTriggerComponent.h">
      <Filter>Header Files</Filter>
    </ClInclude>
    <ClInclude Include="Header\Components\PlayerComponent.h">
      <Filter>Header Files</Filter>
    </ClInclude>
    <ClInclude Include="Header\Components\PickupAbleComponent.h">
      <Filter>Header Files</Filter>
    </ClInclude>
    <ClInclude Include="Header\Components\PushAbleComponent.h">
      <Filter>Header Files</Filter>
    </ClInclude>
    <ClInclude Include="Header\Components\CheckGroundComponent.h">
      <Filter>Header Files</Filter>
    </ClInclude>
    <ClInclude Include="Header\Components\CameraMovementComponent.h">
      <Filter>Header Files</Filter>
    </ClInclude>
    <ClInclude Include="Header\Components\EndPointComponent.h">
      <Filter>Header Files</Filter>
    </ClInclude>
    <ClInclude Include="Header\Components\PushComponent.h">
      <Filter>Header Files</Filter>
    </ClInclude>
    <ClInclude Include="Header\Components\PickupComponent.h">
      <Filter>Header Files</Filter>
    </ClInclude>
    <ClInclude Include="Header\Components\Movement1Component.h">
      <Filter>Header Files</Filter>
    </ClInclude>
    <ClInclude Include="Header\Components\Movement2Component.h">
      <Filter>Header Files</Filter>
    </ClInclude>
    <ClInclude Include="Header\Systems\Movement1System.h">
      <Filter>Header Files</Filter>
    </ClInclude>
    <ClInclude Include="Header\Systems\Movement2System.h">
      <Filter>Header Files</Filter>
    </ClInclude>
    <ClInclude Include="Header\Systems\DoorSystem.h">
      <Filter>Header Files</Filter>
    </ClInclude>
    <ClInclude Include="Header\Module\GamePlayModule.h">
      <Filter>Header Files</Filter>
    </ClInclude>
    <ClInclude Include="Header\Systems\EndPointSystem.h">
      <Filter>Header Files</Filter>
    </ClInclude>
    <ClInclude Include="Header\Systems\PickupSystem.h">
      <Filter>Header Files</Filter>
    </ClInclude>
    <ClInclude Include="Header\Systems\PushSystem.h">
      <Filter>Header Files</Filter>
    </ClInclude>
  </ItemGroup>
</Project>