
Microsoft Visual Studio Solution File, Format Version 12.00
# Visual Studio Version 16
VisualStudioVersion = 16.0.29728.190
MinimumVisualStudioVersion = 10.0.40219.1
Project("{8BC9CEB8-8B4A-11D0-8D11-00A0C91BC942}") = "Args-Core", "Args-Engine\Args-Engine.vcxproj", "{66234881-2DC3-468B-B348-69B9DA80BEB5}"
	ProjectSection(ProjectDependencies) = postProject
		{260BFDB4-FF15-462E-A738-B21841448B38} = {260BFDB4-FF15-462E-A738-B21841448B38}
	EndProjectSection
EndProject
Project("{8BC9CEB8-8B4A-11D0-8D11-00A0C91BC942}") = "Args-Editor", "Args-Editor\Args-Editor.vcxproj", "{CB2916A5-2CF2-4D93-BDD0-C16CC83481FF}"
	ProjectSection(ProjectDependencies) = postProject
		{97897A1F-F913-46F3-8E1D-C56022ACEA0A} = {97897A1F-F913-46F3-8E1D-C56022ACEA0A}
		{16D39744-8001-412E-A12D-6EA5CAC57A86} = {16D39744-8001-412E-A12D-6EA5CAC57A86}
		{80F37370-0A62-4A42-A229-E874BFF465AD} = {80F37370-0A62-4A42-A229-E874BFF465AD}
		{66234881-2DC3-468B-B348-69B9DA80BEB5} = {66234881-2DC3-468B-B348-69B9DA80BEB5}
		{260BFDB4-FF15-462E-A738-B21841448B38} = {260BFDB4-FF15-462E-A738-B21841448B38}
		{7D4847BC-C1C5-4D79-AA5D-5876F1295887} = {7D4847BC-C1C5-4D79-AA5D-5876F1295887}
		{BDD49BF7-FCD4-4F64-881A-53B87F5DAE7E} = {BDD49BF7-FCD4-4F64-881A-53B87F5DAE7E}
	EndProjectSection
EndProject
Project("{8BC9CEB8-8B4A-11D0-8D11-00A0C91BC942}") = "Args-Math", "Args-Math\Args-Math.vcxproj", "{260BFDB4-FF15-462E-A738-B21841448B38}"
EndProject
Project("{8BC9CEB8-8B4A-11D0-8D11-00A0C91BC942}") = "Args-Rendering", "Args-Rendering\Args-Rendering.vcxproj", "{16D39744-8001-412E-A12D-6EA5CAC57A86}"
	ProjectSection(ProjectDependencies) = postProject
		{97897A1F-F913-46F3-8E1D-C56022ACEA0A} = {97897A1F-F913-46F3-8E1D-C56022ACEA0A}
		{66234881-2DC3-468B-B348-69B9DA80BEB5} = {66234881-2DC3-468B-B348-69B9DA80BEB5}
		{260BFDB4-FF15-462E-A738-B21841448B38} = {260BFDB4-FF15-462E-A738-B21841448B38}
		{BDD49BF7-FCD4-4F64-881A-53B87F5DAE7E} = {BDD49BF7-FCD4-4F64-881A-53B87F5DAE7E}
	EndProjectSection
EndProject
Project("{8BC9CEB8-8B4A-11D0-8D11-00A0C91BC942}") = "Args-Physics", "Args-Physics\Args-Physics.vcxproj", "{BDD49BF7-FCD4-4F64-881A-53B87F5DAE7E}"
	ProjectSection(ProjectDependencies) = postProject
		{66234881-2DC3-468B-B348-69B9DA80BEB5} = {66234881-2DC3-468B-B348-69B9DA80BEB5}
		{260BFDB4-FF15-462E-A738-B21841448B38} = {260BFDB4-FF15-462E-A738-B21841448B38}
	EndProjectSection
EndProject
Project("{8BC9CEB8-8B4A-11D0-8D11-00A0C91BC942}") = "Args-Input", "Args-Input\Args-Input.vcxproj", "{80F37370-0A62-4A42-A229-E874BFF465AD}"
	ProjectSection(ProjectDependencies) = postProject
		{97897A1F-F913-46F3-8E1D-C56022ACEA0A} = {97897A1F-F913-46F3-8E1D-C56022ACEA0A}
		{66234881-2DC3-468B-B348-69B9DA80BEB5} = {66234881-2DC3-468B-B348-69B9DA80BEB5}
		{260BFDB4-FF15-462E-A738-B21841448B38} = {260BFDB4-FF15-462E-A738-B21841448B38}
	EndProjectSection
EndProject
Project("{8BC9CEB8-8B4A-11D0-8D11-00A0C91BC942}") = "Args-Window", "Args-Window\Args-Window.vcxproj", "{97897A1F-F913-46F3-8E1D-C56022ACEA0A}"
	ProjectSection(ProjectDependencies) = postProject
		{66234881-2DC3-468B-B348-69B9DA80BEB5} = {66234881-2DC3-468B-B348-69B9DA80BEB5}
		{260BFDB4-FF15-462E-A738-B21841448B38} = {260BFDB4-FF15-462E-A738-B21841448B38}
	EndProjectSection
EndProject
Project("{8BC9CEB8-8B4A-11D0-8D11-00A0C91BC942}") = "Args-Audio", "Args-Audio\Args-Audio.vcxproj", "{7D4847BC-C1C5-4D79-AA5D-5876F1295887}"
	ProjectSection(ProjectDependencies) = postProject
		{66234881-2DC3-468B-B348-69B9DA80BEB5} = {66234881-2DC3-468B-B348-69B9DA80BEB5}
		{260BFDB4-FF15-462E-A738-B21841448B38} = {260BFDB4-FF15-462E-A738-B21841448B38}
	EndProjectSection
EndProject
Global
	GlobalSection(SolutionConfigurationPlatforms) = preSolution
		Debug|Any CPU = Debug|Any CPU
		Debug|x64 = Debug|x64
		Debug|x86 = Debug|x86
		Release|Any CPU = Release|Any CPU
		Release|x64 = Release|x64
		Release|x86 = Release|x86
	EndGlobalSection
	GlobalSection(ProjectConfigurationPlatforms) = postSolution
		{66234881-2DC3-468B-B348-69B9DA80BEB5}.Debug|Any CPU.ActiveCfg = Debug|Win32
		{66234881-2DC3-468B-B348-69B9DA80BEB5}.Debug|Any CPU.Build.0 = Debug|Win32
		{66234881-2DC3-468B-B348-69B9DA80BEB5}.Debug|x64.ActiveCfg = Debug|x64
		{66234881-2DC3-468B-B348-69B9DA80BEB5}.Debug|x64.Build.0 = Debug|x64
		{66234881-2DC3-468B-B348-69B9DA80BEB5}.Debug|x86.ActiveCfg = Debug|Win32
		{66234881-2DC3-468B-B348-69B9DA80BEB5}.Debug|x86.Build.0 = Debug|Win32
		{66234881-2DC3-468B-B348-69B9DA80BEB5}.Release|Any CPU.ActiveCfg = Release|Win32
		{66234881-2DC3-468B-B348-69B9DA80BEB5}.Release|x64.ActiveCfg = Release|x64
		{66234881-2DC3-468B-B348-69B9DA80BEB5}.Release|x64.Build.0 = Release|x64
		{66234881-2DC3-468B-B348-69B9DA80BEB5}.Release|x86.ActiveCfg = Release|Win32
		{66234881-2DC3-468B-B348-69B9DA80BEB5}.Release|x86.Build.0 = Release|Win32
		{CB2916A5-2CF2-4D93-BDD0-C16CC83481FF}.Debug|Any CPU.ActiveCfg = Debug|Win32
		{CB2916A5-2CF2-4D93-BDD0-C16CC83481FF}.Debug|Any CPU.Build.0 = Debug|Win32
		{CB2916A5-2CF2-4D93-BDD0-C16CC83481FF}.Debug|x64.ActiveCfg = Debug|x64
		{CB2916A5-2CF2-4D93-BDD0-C16CC83481FF}.Debug|x64.Build.0 = Debug|x64
		{CB2916A5-2CF2-4D93-BDD0-C16CC83481FF}.Debug|x86.ActiveCfg = Debug|Win32
		{CB2916A5-2CF2-4D93-BDD0-C16CC83481FF}.Debug|x86.Build.0 = Debug|Win32
		{CB2916A5-2CF2-4D93-BDD0-C16CC83481FF}.Release|Any CPU.ActiveCfg = Release|Win32
		{CB2916A5-2CF2-4D93-BDD0-C16CC83481FF}.Release|x64.ActiveCfg = Release|x64
		{CB2916A5-2CF2-4D93-BDD0-C16CC83481FF}.Release|x64.Build.0 = Release|x64
		{CB2916A5-2CF2-4D93-BDD0-C16CC83481FF}.Release|x86.ActiveCfg = Release|Win32
		{CB2916A5-2CF2-4D93-BDD0-C16CC83481FF}.Release|x86.Build.0 = Release|Win32
		{260BFDB4-FF15-462E-A738-B21841448B38}.Debug|Any CPU.ActiveCfg = Debug|Win32
		{260BFDB4-FF15-462E-A738-B21841448B38}.Debug|Any CPU.Build.0 = Debug|Win32
		{260BFDB4-FF15-462E-A738-B21841448B38}.Debug|x64.ActiveCfg = Debug|x64
		{260BFDB4-FF15-462E-A738-B21841448B38}.Debug|x64.Build.0 = Debug|x64
		{260BFDB4-FF15-462E-A738-B21841448B38}.Debug|x86.ActiveCfg = Debug|Win32
		{260BFDB4-FF15-462E-A738-B21841448B38}.Debug|x86.Build.0 = Debug|Win32
		{260BFDB4-FF15-462E-A738-B21841448B38}.Release|Any CPU.ActiveCfg = Release|Win32
		{260BFDB4-FF15-462E-A738-B21841448B38}.Release|x64.ActiveCfg = Release|x64
		{260BFDB4-FF15-462E-A738-B21841448B38}.Release|x64.Build.0 = Release|x64
		{260BFDB4-FF15-462E-A738-B21841448B38}.Release|x86.ActiveCfg = Release|Win32
		{260BFDB4-FF15-462E-A738-B21841448B38}.Release|x86.Build.0 = Release|Win32
		{16D39744-8001-412E-A12D-6EA5CAC57A86}.Debug|Any CPU.ActiveCfg = Debug|Win32
		{16D39744-8001-412E-A12D-6EA5CAC57A86}.Debug|Any CPU.Build.0 = Debug|Win32
		{16D39744-8001-412E-A12D-6EA5CAC57A86}.Debug|x64.ActiveCfg = Debug|x64
		{16D39744-8001-412E-A12D-6EA5CAC57A86}.Debug|x64.Build.0 = Debug|x64
		{16D39744-8001-412E-A12D-6EA5CAC57A86}.Debug|x86.ActiveCfg = Debug|Win32
		{16D39744-8001-412E-A12D-6EA5CAC57A86}.Debug|x86.Build.0 = Debug|Win32
		{16D39744-8001-412E-A12D-6EA5CAC57A86}.Release|Any CPU.ActiveCfg = Release|Win32
		{16D39744-8001-412E-A12D-6EA5CAC57A86}.Release|x64.ActiveCfg = Release|x64
		{16D39744-8001-412E-A12D-6EA5CAC57A86}.Release|x64.Build.0 = Release|x64
		{16D39744-8001-412E-A12D-6EA5CAC57A86}.Release|x86.ActiveCfg = Release|Win32
		{16D39744-8001-412E-A12D-6EA5CAC57A86}.Release|x86.Build.0 = Release|Win32
		{BDD49BF7-FCD4-4F64-881A-53B87F5DAE7E}.Debug|Any CPU.ActiveCfg = Debug|Win32
		{BDD49BF7-FCD4-4F64-881A-53B87F5DAE7E}.Debug|Any CPU.Build.0 = Debug|Win32
		{BDD49BF7-FCD4-4F64-881A-53B87F5DAE7E}.Debug|x64.ActiveCfg = Debug|x64
		{BDD49BF7-FCD4-4F64-881A-53B87F5DAE7E}.Debug|x64.Build.0 = Debug|x64
		{BDD49BF7-FCD4-4F64-881A-53B87F5DAE7E}.Debug|x86.ActiveCfg = Debug|Win32
		{BDD49BF7-FCD4-4F64-881A-53B87F5DAE7E}.Debug|x86.Build.0 = Debug|Win32
		{BDD49BF7-FCD4-4F64-881A-53B87F5DAE7E}.Release|Any CPU.ActiveCfg = Release|Win32
		{BDD49BF7-FCD4-4F64-881A-53B87F5DAE7E}.Release|x64.ActiveCfg = Release|x64
		{BDD49BF7-FCD4-4F64-881A-53B87F5DAE7E}.Release|x64.Build.0 = Release|x64
		{BDD49BF7-FCD4-4F64-881A-53B87F5DAE7E}.Release|x86.ActiveCfg = Release|Win32
		{BDD49BF7-FCD4-4F64-881A-53B87F5DAE7E}.Release|x86.Build.0 = Release|Win32
		{80F37370-0A62-4A42-A229-E874BFF465AD}.Debug|Any CPU.ActiveCfg = Debug|Win32
		{80F37370-0A62-4A42-A229-E874BFF465AD}.Debug|Any CPU.Build.0 = Debug|Win32
		{80F37370-0A62-4A42-A229-E874BFF465AD}.Debug|x64.ActiveCfg = Debug|x64
		{80F37370-0A62-4A42-A229-E874BFF465AD}.Debug|x64.Build.0 = Debug|x64
		{80F37370-0A62-4A42-A229-E874BFF465AD}.Debug|x86.ActiveCfg = Debug|Win32
		{80F37370-0A62-4A42-A229-E874BFF465AD}.Debug|x86.Build.0 = Debug|Win32
		{80F37370-0A62-4A42-A229-E874BFF465AD}.Release|Any CPU.ActiveCfg = Release|Win32
		{80F37370-0A62-4A42-A229-E874BFF465AD}.Release|x64.ActiveCfg = Release|x64
		{80F37370-0A62-4A42-A229-E874BFF465AD}.Release|x64.Build.0 = Release|x64
		{80F37370-0A62-4A42-A229-E874BFF465AD}.Release|x86.ActiveCfg = Release|Win32
		{80F37370-0A62-4A42-A229-E874BFF465AD}.Release|x86.Build.0 = Release|Win32
		{97897A1F-F913-46F3-8E1D-C56022ACEA0A}.Debug|Any CPU.ActiveCfg = Debug|Win32
		{97897A1F-F913-46F3-8E1D-C56022ACEA0A}.Debug|Any CPU.Build.0 = Debug|Win32
		{97897A1F-F913-46F3-8E1D-C56022ACEA0A}.Debug|x64.ActiveCfg = Debug|x64
		{97897A1F-F913-46F3-8E1D-C56022ACEA0A}.Debug|x64.Build.0 = Debug|x64
		{97897A1F-F913-46F3-8E1D-C56022ACEA0A}.Debug|x86.ActiveCfg = Debug|Win32
		{97897A1F-F913-46F3-8E1D-C56022ACEA0A}.Debug|x86.Build.0 = Debug|Win32
		{97897A1F-F913-46F3-8E1D-C56022ACEA0A}.Release|Any CPU.ActiveCfg = Release|Win32
		{97897A1F-F913-46F3-8E1D-C56022ACEA0A}.Release|x64.ActiveCfg = Release|x64
		{97897A1F-F913-46F3-8E1D-C56022ACEA0A}.Release|x64.Build.0 = Release|x64
		{97897A1F-F913-46F3-8E1D-C56022ACEA0A}.Release|x86.ActiveCfg = Release|Win32
		{97897A1F-F913-46F3-8E1D-C56022ACEA0A}.Release|x86.Build.0 = Release|Win32
		{7D4847BC-C1C5-4D79-AA5D-5876F1295887}.Debug|Any CPU.ActiveCfg = Debug|Win32
		{7D4847BC-C1C5-4D79-AA5D-5876F1295887}.Debug|x64.ActiveCfg = Debug|x64
		{7D4847BC-C1C5-4D79-AA5D-5876F1295887}.Debug|x64.Build.0 = Debug|x64
		{7D4847BC-C1C5-4D79-AA5D-5876F1295887}.Debug|x86.ActiveCfg = Debug|Win32
		{7D4847BC-C1C5-4D79-AA5D-5876F1295887}.Debug|x86.Build.0 = Debug|Win32
		{7D4847BC-C1C5-4D79-AA5D-5876F1295887}.Release|Any CPU.ActiveCfg = Release|Win32
		{7D4847BC-C1C5-4D79-AA5D-5876F1295887}.Release|x64.ActiveCfg = Release|x64
		{7D4847BC-C1C5-4D79-AA5D-5876F1295887}.Release|x64.Build.0 = Release|x64
		{7D4847BC-C1C5-4D79-AA5D-5876F1295887}.Release|x86.ActiveCfg = Release|Win32
		{7D4847BC-C1C5-4D79-AA5D-5876F1295887}.Release|x86.Build.0 = Release|Win32
	EndGlobalSection
	GlobalSection(SolutionProperties) = preSolution
		HideSolutionNode = FALSE
	EndGlobalSection
	GlobalSection(ExtensibilityGlobals) = postSolution
		SolutionGuid = {02C56BFA-FE96-4428-A645-79285C2BF91A}
	EndGlobalSection
EndGlobal
